
Microsoft Visual Studio Solution File, Format Version 12.00
# Visual Studio 14
VisualStudioVersion = 14.0.25123.0
MinimumVisualStudioVersion = 10.0.40219.1
Project("{2150E333-8FDC-42A3-9474-1A3956D46DE8}") = "Engine", "Engine", "{7AC41942-770A-4D4F-9E52-A879BB0694F7}"
EndProject
Project("{2150E333-8FDC-42A3-9474-1A3956D46DE8}") = "Games", "Games", "{622A8FB4-48BF-46B8-BCC2-FF88315F9A10}"
EndProject
Project("{8BC9CEB8-8B4A-11D0-8D11-00A0C91BC942}") = "UE4", "Intermediate\ProjectFiles\UE4.vcxproj", "{A8DF91E7-7472-4C4A-A26C-266905694B3B}"
EndProject
Project("{8BC9CEB8-8B4A-11D0-8D11-00A0C91BC942}") = "MyProject", "Intermediate\ProjectFiles\MyProject.vcxproj", "{615032C5-234D-4F54-B937-D15A8AD5A3B5}"
EndProject
Global
	GlobalSection(SolutionConfigurationPlatforms) = preSolution
		DebugGame Editor|HTML5 = DebugGame Editor|HTML5
		DebugGame Editor|Win32 = DebugGame Editor|Win32
		DebugGame Editor|Win64 = DebugGame Editor|Win64
		DebugGame|HTML5 = DebugGame|HTML5
		DebugGame|Win32 = DebugGame|Win32
		DebugGame|Win64 = DebugGame|Win64
		Development Editor|HTML5 = Development Editor|HTML5
		Development Editor|Win32 = Development Editor|Win32
		Development Editor|Win64 = Development Editor|Win64
		Development|HTML5 = Development|HTML5
		Development|Win32 = Development|Win32
		Development|Win64 = Development|Win64
		Shipping|HTML5 = Shipping|HTML5
		Shipping|Win32 = Shipping|Win32
		Shipping|Win64 = Shipping|Win64
	EndGlobalSection
	GlobalSection(ProjectConfigurationPlatforms) = postSolution
		{A8DF91E7-7472-4C4A-A26C-266905694B3B}.DebugGame Editor|HTML5.ActiveCfg = BuiltWithUnrealBuildTool|Win32
		{A8DF91E7-7472-4C4A-A26C-266905694B3B}.DebugGame Editor|HTML5.Build.0 = BuiltWithUnrealBuildTool|Win32
		{A8DF91E7-7472-4C4A-A26C-266905694B3B}.DebugGame Editor|Win32.ActiveCfg = BuiltWithUnrealBuildTool|Win32
		{A8DF91E7-7472-4C4A-A26C-266905694B3B}.DebugGame Editor|Win32.Build.0 = BuiltWithUnrealBuildTool|Win32
		{A8DF91E7-7472-4C4A-A26C-266905694B3B}.DebugGame Editor|Win64.ActiveCfg = BuiltWithUnrealBuildTool|Win32
		{A8DF91E7-7472-4C4A-A26C-266905694B3B}.DebugGame Editor|Win64.Build.0 = BuiltWithUnrealBuildTool|Win32
		{A8DF91E7-7472-4C4A-A26C-266905694B3B}.DebugGame|HTML5.ActiveCfg = BuiltWithUnrealBuildTool|Win32
		{A8DF91E7-7472-4C4A-A26C-266905694B3B}.DebugGame|HTML5.Build.0 = BuiltWithUnrealBuildTool|Win32
		{A8DF91E7-7472-4C4A-A26C-266905694B3B}.DebugGame|Win32.ActiveCfg = BuiltWithUnrealBuildTool|Win32
		{A8DF91E7-7472-4C4A-A26C-266905694B3B}.DebugGame|Win32.Build.0 = BuiltWithUnrealBuildTool|Win32
		{A8DF91E7-7472-4C4A-A26C-266905694B3B}.DebugGame|Win64.ActiveCfg = BuiltWithUnrealBuildTool|Win32
		{A8DF91E7-7472-4C4A-A26C-266905694B3B}.DebugGame|Win64.Build.0 = BuiltWithUnrealBuildTool|Win32
		{A8DF91E7-7472-4C4A-A26C-266905694B3B}.Development Editor|HTML5.ActiveCfg = BuiltWithUnrealBuildTool|Win32
		{A8DF91E7-7472-4C4A-A26C-266905694B3B}.Development Editor|HTML5.Build.0 = BuiltWithUnrealBuildTool|Win32
		{A8DF91E7-7472-4C4A-A26C-266905694B3B}.Development Editor|Win32.ActiveCfg = BuiltWithUnrealBuildTool|Win32
		{A8DF91E7-7472-4C4A-A26C-266905694B3B}.Development Editor|Win32.Build.0 = BuiltWithUnrealBuildTool|Win32
		{A8DF91E7-7472-4C4A-A26C-266905694B3B}.Development Editor|Win64.ActiveCfg = BuiltWithUnrealBuildTool|Win32
		{A8DF91E7-7472-4C4A-A26C-266905694B3B}.Development Editor|Win64.Build.0 = BuiltWithUnrealBuildTool|Win32
		{A8DF91E7-7472-4C4A-A26C-266905694B3B}.Development|HTML5.ActiveCfg = BuiltWithUnrealBuildTool|Win32
		{A8DF91E7-7472-4C4A-A26C-266905694B3B}.Development|HTML5.Build.0 = BuiltWithUnrealBuildTool|Win32
		{A8DF91E7-7472-4C4A-A26C-266905694B3B}.Development|Win32.ActiveCfg = BuiltWithUnrealBuildTool|Win32
		{A8DF91E7-7472-4C4A-A26C-266905694B3B}.Development|Win32.Build.0 = BuiltWithUnrealBuildTool|Win32
		{A8DF91E7-7472-4C4A-A26C-266905694B3B}.Development|Win64.ActiveCfg = BuiltWithUnrealBuildTool|Win32
		{A8DF91E7-7472-4C4A-A26C-266905694B3B}.Development|Win64.Build.0 = BuiltWithUnrealBuildTool|Win32
		{A8DF91E7-7472-4C4A-A26C-266905694B3B}.Shipping|HTML5.ActiveCfg = BuiltWithUnrealBuildTool|Win32
		{A8DF91E7-7472-4C4A-A26C-266905694B3B}.Shipping|HTML5.Build.0 = BuiltWithUnrealBuildTool|Win32
		{A8DF91E7-7472-4C4A-A26C-266905694B3B}.Shipping|Win32.ActiveCfg = BuiltWithUnrealBuildTool|Win32
		{A8DF91E7-7472-4C4A-A26C-266905694B3B}.Shipping|Win32.Build.0 = BuiltWithUnrealBuildTool|Win32
		{A8DF91E7-7472-4C4A-A26C-266905694B3B}.Shipping|Win64.ActiveCfg = BuiltWithUnrealBuildTool|Win32
		{A8DF91E7-7472-4C4A-A26C-266905694B3B}.Shipping|Win64.Build.0 = BuiltWithUnrealBuildTool|Win32
		{615032C5-234D-4F54-B937-D15A8AD5A3B5}.DebugGame Editor|HTML5.ActiveCfg = HTML5_DebugGame_Editor|Win32
		{615032C5-234D-4F54-B937-D15A8AD5A3B5}.DebugGame Editor|Win32.ActiveCfg = DebugGame_Editor|Win32
		{615032C5-234D-4F54-B937-D15A8AD5A3B5}.DebugGame Editor|Win64.ActiveCfg = DebugGame_Editor|x64
		{615032C5-234D-4F54-B937-D15A8AD5A3B5}.DebugGame Editor|Win64.Build.0 = DebugGame_Editor|x64
		{615032C5-234D-4F54-B937-D15A8AD5A3B5}.DebugGame|HTML5.ActiveCfg = HTML5_DebugGame_Game|Win32
		{615032C5-234D-4F54-B937-D15A8AD5A3B5}.DebugGame|HTML5.Build.0 = HTML5_DebugGame_Game|Win32
		{615032C5-234D-4F54-B937-D15A8AD5A3B5}.DebugGame|Win32.ActiveCfg = DebugGame_Game|Win32
		{615032C5-234D-4F54-B937-D15A8AD5A3B5}.DebugGame|Win32.Build.0 = DebugGame_Game|Win32
		{615032C5-234D-4F54-B937-D15A8AD5A3B5}.DebugGame|Win64.ActiveCfg = DebugGame_Game|x64
		{615032C5-234D-4F54-B937-D15A8AD5A3B5}.DebugGame|Win64.Build.0 = DebugGame_Game|x64
		{615032C5-234D-4F54-B937-D15A8AD5A3B5}.Development Editor|HTML5.ActiveCfg = HTML5_Development_Editor|Win32
		{615032C5-234D-4F54-B937-D15A8AD5A3B5}.Development Editor|Win32.ActiveCfg = Development_Editor|Win32
		{615032C5-234D-4F54-B937-D15A8AD5A3B5}.Development Editor|Win64.ActiveCfg = Development_Editor|x64
		{615032C5-234D-4F54-B937-D15A8AD5A3B5}.Development Editor|Win64.Build.0 = Development_Editor|x64
		{615032C5-234D-4F54-B937-D15A8AD5A3B5}.Development|HTML5.ActiveCfg = HTML5_Development_Game|Win32
		{615032C5-234D-4F54-B937-D15A8AD5A3B5}.Development|HTML5.Build.0 = HTML5_Development_Game|Win32
		{615032C5-234D-4F54-B937-D15A8AD5A3B5}.Development|Win32.ActiveCfg = Development_Game|Win32
		{615032C5-234D-4F54-B937-D15A8AD5A3B5}.Development|Win32.Build.0 = Development_Game|Win32
		{615032C5-234D-4F54-B937-D15A8AD5A3B5}.Development|Win64.ActiveCfg = Development_Game|x64
		{615032C5-234D-4F54-B937-D15A8AD5A3B5}.Development|Win64.Build.0 = Development_Game|x64
		{615032C5-234D-4F54-B937-D15A8AD5A3B5}.Shipping|HTML5.ActiveCfg = HTML5_Shipping_Game|Win32
		{615032C5-234D-4F54-B937-D15A8AD5A3B5}.Shipping|HTML5.Build.0 = HTML5_Shipping_Game|Win32
		{615032C5-234D-4F54-B937-D15A8AD5A3B5}.Shipping|Win32.ActiveCfg = Shipping_Game|Win32
		{615032C5-234D-4F54-B937-D15A8AD5A3B5}.Shipping|Win32.Build.0 = Shipping_Game|Win32
		{615032C5-234D-4F54-B937-D15A8AD5A3B5}.Shipping|Win64.ActiveCfg = Shipping_Game|x64
		{615032C5-234D-4F54-B937-D15A8AD5A3B5}.Shipping|Win64.Build.0 = Shipping_Game|x64
	EndGlobalSection
	GlobalSection(SolutionProperties) = preSolution
		HideSolutionNode = FALSE
	EndGlobalSection
	GlobalSection(NestedProjects) = preSolution
		{A8DF91E7-7472-4C4A-A26C-266905694B3B} = {7AC41942-770A-4D4F-9E52-A879BB0694F7}
		{615032C5-234D-4F54-B937-D15A8AD5A3B5} = {622A8FB4-48BF-46B8-BCC2-FF88315F9A10}
	EndGlobalSection
EndGlobal
